{
  "name": "@profullstack/throttle",
  "version": "0.1.0",
  "lockfileVersion": 3,
  "requires": true,
  "packages": {
    "": {
      "name": "@profullstack/throttle",
      "version": "0.1.0",
      "license": "MIT",
      "dependencies": {
        "@profullstack/x402-gateway": "^0.5.0"
      },
      "engines": {
        "node": ">=20.11"
      }
    },
    "node_modules/@profullstack/x402-gateway": {
      "version": "0.5.0",
      "resolved": "https://registry.npmjs.org/@profullstack/x402-gateway/-/x402-gateway-0.5.0.tgz",
      "integrity": "sha512-QnSDRKXbVbswB6lQ9eSdDUUt64A90Tmd1U2tuDFgqAtgJtTr/CoXDHHzXcJWJxv5f3f8FafdoxwO+/bgl0MhtQ==",
      "license": "MIT",
      "engines": {
        "node": ">=20.11"
      }
    }
  }
}
