{
  "name": "@profullstack/throttle",
  "version": "0.2.2",
  "lockfileVersion": 3,
  "requires": true,
  "packages": {
    "": {
      "name": "@profullstack/throttle",
      "version": "0.2.2",
      "license": "MIT",
      "dependencies": {
        "@profullstack/x402-gateway": "^0.6.0"
      },
      "engines": {
        "node": ">=20.11"
      }
    },
    "node_modules/@profullstack/x402-gateway": {
      "version": "0.6.0",
      "resolved": "https://registry.npmjs.org/@profullstack/x402-gateway/-/x402-gateway-0.6.0.tgz",
      "integrity": "sha512-n9/7NixIM9wVOMGWDc+3RtFsGABG+HAYfkZ11JxoEIlF/FDRGEXbvHFlNL/M97RNy01964FhAbQp34OMJoxqZg==",
      "license": "MIT",
      "engines": {
        "node": ">=20.11"
      }
    }
  }
}
